{
  "name": "frontend-web-editor",
  "version": "0.0.1",
  "lockfileVersion": 3,
  "requires": true,
  "packages": {
    "": {
      "name": "frontend-web-editor",
      "version": "0.0.1",
      "dependencies": {
        "@elastic/datemath": "5.0.3",
        "@elastic/eui": "81.2.0",
        "@emotion/css": "11.11.0",
        "@emotion/react": "11.11.0",
        "@sentry/react": "7.57.0",
        "@testing-library/jest-dom": "6.1.3",
        "classnames": "^2.3.2",
        "d3-hierarchy": "3.1.2",
        "d3-timer": "3.0.1",
        "dagre": "0.8.5",
        "moment": "2.29.4",
        "prop-types": "15.8.1",
        "react": "17.0.2",
        "react-dom": "17.0.2",
        "react-router-dom": "6.11.2",
        "reactflow": "^11.8.3",
        "shared-types": "0.0.1"
      },
      "devDependencies": {
        "@testing-library/react": "12.1.5",
        "@types/react": "17.0.60",
        "@types/react-dom": "17.0.20"
      }
    },
    "../../../node_modules/.pnpm/@elastic+datemath@5.0.3_moment@2.29.4/node_modules/@elastic/datemath": {
      "version": "5.0.3",
      "license": "Apache-2.0",
      "dependencies": {
        "tslib": "^1.9.3"
      },
      "devDependencies": {
        "@babel/cli": "^7.8.4",
        "@babel/preset-env": "^7.9.0",
        "babel-plugin-add-module-exports": "^1.0.2",
        "moment": "^2.24.0"
      },
      "peerDependencies": {
        "moment": "^2.24.0"
      }
    },
    "../../../node_modules/.pnpm/@elastic+eui@81.2.0_@elastic+datemath@5.0.3_@emotion+css@11.11.0_@emotion+react@11.11.0_@type_22ou6sbnoajt4my5iofupzfqnu/node_modules/@elastic/eui": {
      "version": "81.2.0",
      "license": "SEE LICENSE IN LICENSE.txt",
      "dependencies": {
        "@types/chroma-js": "^2.0.0",
        "@types/lodash": "^4.14.194",
        "@types/numeral": "^0.0.28",
        "@types/react-beautiful-dnd": "^13.1.2",
        "@types/react-input-autosize": "^2.2.1",
        "@types/react-virtualized-auto-sizer": "^1.0.1",
        "@types/react-window": "^1.8.5",
        "@types/refractor": "^3.0.0",
        "@types/resize-observer-browser": "^0.1.5",
        "@types/vfile-message": "^2.0.0",
        "chroma-js": "^2.1.0",
        "classnames": "^2.2.6",
        "lodash": "^4.17.21",
        "mdast-util-to-hast": "^10.0.0",
        "numeral": "^2.0.6",
        "prop-types": "^15.6.0",
        "react-beautiful-dnd": "^13.1.0",
        "react-dropzone": "^11.5.3",
        "react-element-to-jsx-string": "^14.3.4",
        "react-focus-on": "^3.7.0",
        "react-input-autosize": "^3.0.0",
        "react-is": "^17.0.2",
        "react-remove-scroll-bar": "^2.3.4",
        "react-virtualized-auto-sizer": "^1.0.6",
        "react-window": "^1.8.6",
        "refractor": "^3.5.0",
        "rehype-raw": "^5.0.0",
        "rehype-react": "^6.0.0",
        "rehype-stringify": "^8.0.0",
        "remark-breaks": "^2.0.2",
        "remark-emoji": "^2.1.0",
        "remark-parse-no-trim": "^8.0.4",
        "remark-rehype": "^8.0.0",
        "tabbable": "^5.2.1",
        "text-diff": "^1.0.1",
        "unified": "^9.2.0",
        "unist-util-visit": "^2.0.3",
        "url-parse": "^1.5.10",
        "uuid": "^8.3.0",
        "vfile": "^4.2.0"
      },
      "devDependencies": {
        "@axe-core/puppeteer": "^4.4.2",
        "@babel/cli": "^7.21.5",
        "@babel/core": "^7.21.8",
        "@babel/plugin-proposal-class-properties": "^7.18.6",
        "@babel/plugin-proposal-object-rest-spread": "^7.20.7",
        "@babel/plugin-transform-async-to-generator": "^7.20.7",
        "@babel/plugin-transform-runtime": "^7.21.4",
        "@babel/preset-env": "^7.21.5",
        "@babel/preset-react": "^7.18.6",
        "@babel/preset-typescript": "^7.21.5",
        "@babel/template": "^7.21.9",
        "@cypress/code-coverage": "^3.10.0",
        "@cypress/react": "^5.10.3",
        "@cypress/webpack-dev-server": "^1.7.0",
        "@elastic/charts": "^53.1.1",
        "@elastic/datemath": "^5.0.3",
        "@emotion/babel-preset-css-prop": "^11.11.0",
        "@emotion/cache": "^11.11.0",
        "@emotion/css": "^11.11.0",
        "@emotion/eslint-plugin": "^11.11.0",
        "@emotion/jest": "^11.11.0",
        "@emotion/react": "^11.11.0",
        "@faker-js/faker": "^7.6.0",
        "@pmmmwh/react-refresh-webpack-plugin": "^0.5.3",
        "@storybook/addon-essentials": "^7.0.17",
        "@storybook/addon-interactions": "^7.0.17",
        "@storybook/addon-links": "^7.0.17",
        "@storybook/blocks": "^7.0.17",
        "@storybook/react": "^7.0.17",
        "@storybook/react-webpack5": "^7.0.17",
        "@storybook/testing-library": "^0.0.14-next.2",
        "@svgr/core": "5.5.0",
        "@svgr/plugin-svgo": "^4.0.3",
        "@testing-library/dom": "^8.12.0",
        "@testing-library/jest-dom": "^5.16.3",
        "@testing-library/react": "^12.1.5",
        "@testing-library/react-hooks": "^7.0.2",
        "@testing-library/user-event": "^13.5.0",
        "@types/classnames": "^2.2.10",
        "@types/enzyme": "^3.10.5",
        "@types/jest": "^24.0.6",
        "@types/node": "^10.17.5",
        "@types/react": "^17.0.38",
        "@types/react-dom": "^17.0.11",
        "@types/react-is": "^17.0.3",
        "@types/react-router-dom": "^5.1.5",
        "@types/tabbable": "^3.1.2",
        "@types/testing-library__jest-dom": "^5.14.3",
        "@types/url-parse": "^1.4.8",
        "@types/uuid": "^8.3.0",
        "@typescript-eslint/eslint-plugin": "^5.59.7",
        "@typescript-eslint/parser": "^5.59.7",
        "@wojtekmaj/enzyme-adapter-react-17": "^0.6.6",
        "argparse": "^2.0.1",
        "assert": "^2.0.0",
        "autoprefixer": "^9.8.6",
        "axe-core": "^4.4.1",
        "babel-jest": "^24.1.0",
        "babel-loader": "^9.1.2",
        "babel-plugin-add-module-exports": "^1.0.4",
        "babel-plugin-inline-react-svg": "^2.0.2",
        "babel-plugin-istanbul": "^6.1.1",
        "babel-plugin-pegjs-inline-precompile": "^0.1.1",
        "buffer": "^6.0.3",
        "cache-loader": "^4.1.0",
        "chalk": "^4.1.0",
        "chokidar": "^3.4.2",
        "circular-dependency-plugin": "^5.2.2",
        "codesandbox": "^2.1.16",
        "core-js": "^3.6.5",
        "cross-env": "^7.0.2",
        "css-loader": "^6.7.1",
        "cssnano": "^4.1.10",
        "cypress": "^10.6.0",
        "cypress-axe": "^1.0.0",
        "cypress-plugin-tab": "^1.0.5",
        "cypress-real-events": "^1.7.0",
        "dedent": "^0.7.0",
        "dts-generator": "^3.0.0",
        "enzyme": "^3.11.0",
        "enzyme-to-json": "^3.5.0",
        "eslint": "^8.41.0",
        "eslint-config-prettier": "^8.8.0",
        "eslint-import-resolver-webpack": "^0.13.2",
        "eslint-plugin-import": "^2.27.5",
        "eslint-plugin-jest": "^24.1.0",
        "eslint-plugin-jsx-a11y": "^6.7.1",
        "eslint-plugin-local": "^1.0.0",
        "eslint-plugin-mocha": "^10.1.0",
        "eslint-plugin-prettier": "^4.2.1",
        "eslint-plugin-react": "^7.32.2",
        "eslint-plugin-react-hooks": "^4.6.0",
        "eslint-plugin-storybook": "^0.6.12",
        "expose-gc": "^1.0.0",
        "file-loader": "^6.1.0",
        "findup": "^0.1.5",
        "fork-ts-checker-webpack-plugin": "^5.1.0",
        "get-port": "^5.1.1",
        "glob": "^7.1.6",
        "html-format": "^1.0.1",
        "html-webpack-plugin": "^5.5.0",
        "inquirer": "^9.1.4",
        "jest": "^24.1.0",
        "jest-cli": "^24.1.0",
        "moment": "^2.27.0",
        "moment-timezone": "^0.5.31",
        "path": "^0.12.7",
        "pegjs": "^0.10.0",
        "postcss": "^8.4.19",
        "postcss-cli": "^7.1.2",
        "postcss-inline-svg": "^4.1.0",
        "postcss-loader": "^7.0.1",
        "pre-commit": "^1.2.2",
        "prettier": "^2.8.8",
        "process": "^0.11.10",
        "prop-types": "^15.6.0",
        "puppeteer": "^5.5.0",
        "raw-loader": "^4.0.1",
        "react": "^17.0.2",
        "react-docgen-typescript": "^2.2.2",
        "react-dom": "^17.0.2",
        "react-helmet": "^6.1.0",
        "react-redux": "^7.2.1",
        "react-refresh": "^0.11.0",
        "react-router": "^5.2.0",
        "react-router-dom": "^5.2.0",
        "react-router-redux": "^4.0.8",
        "react-view": "^2.3.2",
        "redux": "^4.0.5",
        "redux-thunk": "^2.3.0",
        "resolve": "^1.17.0",
        "rimraf": "^3.0.2",
        "sass": "^1.56.1",
        "sass-loader": "^13.2.0",
        "shelljs": "^0.8.4",
        "start-server-and-test": "^1.11.3",
        "storybook": "^7.0.17",
        "style-loader": "^3.3.1",
        "stylelint": "^14.15.0",
        "stylelint-config-prettier-scss": "^0.0.1",
        "stylelint-config-standard-scss": "^6.1.0",
        "terser-webpack-plugin": "^5.3.5",
        "typescript": "4.5.3",
        "uglifyjs-webpack-plugin": "^2.2.0",
        "url-loader": "^4.1.0",
        "webpack": "^5.74.0",
        "webpack-cli": "^4.10.0",
        "webpack-dev-server": "^4.10.0",
        "yargs": "^17.2.1",
        "yeoman-generator": "^4.12.0",
        "yo": "^4.3.1"
      },
      "peerDependencies": {
        "@elastic/datemath": "^5.0.2",
        "@emotion/css": "11.x",
        "@emotion/react": "11.x",
        "@types/react": "^16.9 || ^17.0",
        "@types/react-dom": "^16.9 || ^17.0",
        "moment": "^2.13.0",
        "prop-types": "^15.5.0",
        "react": "^16.12 || ^17.0",
        "react-dom": "^16.12 || ^17.0",
        "typescript": "~4.5.3"
      }
    },
    "../../../node_modules/.pnpm/@emotion+css@11.11.0/node_modules/@emotion/css": {
      "version": "11.11.0",
      "license": "MIT",
      "dependencies": {
        "@emotion/babel-plugin": "^11.11.0",
        "@emotion/cache": "^11.11.0",
        "@emotion/serialize": "^1.1.2",
        "@emotion/sheet": "^1.2.2",
        "@emotion/utils": "^1.2.1"
      },
      "devDependencies": {
        "@definitelytyped/dtslint": "0.0.112",
        "typescript": "^4.5.5"
      }
    },
    "../../../node_modules/.pnpm/@emotion+react@11.11.0_@types+react@17.0.60_react@17.0.2/node_modules/@emotion/react": {
      "version": "11.11.0",
      "license": "MIT",
      "dependencies": {
        "@babel/runtime": "^7.18.3",
        "@emotion/babel-plugin": "^11.11.0",
        "@emotion/cache": "^11.11.0",
        "@emotion/serialize": "^1.1.2",
        "@emotion/use-insertion-effect-with-fallbacks": "^1.0.1",
        "@emotion/utils": "^1.2.1",
        "@emotion/weak-memoize": "^0.3.1",
        "hoist-non-react-statics": "^3.3.1"
      },
      "devDependencies": {
        "@definitelytyped/dtslint": "0.0.112",
        "@emotion/css": "11.11.0",
        "@emotion/css-prettifier": "1.1.3",
        "@emotion/server": "11.11.0",
        "@emotion/styled": "11.11.0",
        "html-tag-names": "^1.1.2",
        "react": "16.14.0",
        "svg-tag-names": "^1.1.1",
        "typescript": "^4.5.5"
      },
      "peerDependencies": {
        "react": ">=16.8.0"
      },
      "peerDependenciesMeta": {
        "@types/react": {
          "optional": true
        }
      }
    },
    "../../../node_modules/.pnpm/@sentry+react@7.57.0_react@17.0.2/node_modules/@sentry/react": {
      "version": "7.57.0",
      "license": "MIT",
      "dependencies": {
        "@sentry/browser": "7.57.0",
        "@sentry/types": "7.57.0",
        "@sentry/utils": "7.57.0",
        "hoist-non-react-statics": "^3.3.2",
        "tslib": "^2.4.1 || ^1.9.3"
      },
      "devDependencies": {
        "@testing-library/react": "^13.0.0",
        "@testing-library/react-hooks": "^7.0.2",
        "@types/history-4": "npm:@types/history@4.7.8",
        "@types/history-5": "npm:@types/history@4.7.8",
        "@types/hoist-non-react-statics": "^3.3.1",
        "@types/node-fetch": "^2.6.0",
        "@types/react": "^17.0.3",
        "@types/react-router-3": "npm:@types/react-router@3.0.24",
        "@types/react-router-4": "npm:@types/react-router@5.1.14",
        "@types/react-router-5": "npm:@types/react-router@5.1.14",
        "eslint-plugin-react": "^7.20.5",
        "eslint-plugin-react-hooks": "^4.0.8",
        "history-4": "npm:history@4.6.0",
        "history-5": "npm:history@4.9.0",
        "node-fetch": "^2.6.0",
        "react": "^18.0.0",
        "react-dom": "^18.0.0",
        "react-router-3": "npm:react-router@3.2.0",
        "react-router-4": "npm:react-router@4.1.0",
        "react-router-5": "npm:react-router@5.0.0",
        "react-router-6": "npm:react-router@6.3.0",
        "react-router-6.4": "npm:react-router@6.4.2",
        "redux": "^4.0.5"
      },
      "engines": {
        "node": ">=8"
      },
      "peerDependencies": {
        "react": "15.x || 16.x || 17.x || 18.x"
      }
    },
    "../../../node_modules/.pnpm/@testing-library+jest-dom@6.1.3_@types+jest@29.5.2_jest@29.5.0/node_modules/@testing-library/jest-dom": {
      "version": "6.1.3",
      "license": "MIT",
      "dependencies": {
        "@adobe/css-tools": "^4.3.0",
        "@babel/runtime": "^7.9.2",
        "aria-query": "^5.0.0",
        "chalk": "^3.0.0",
        "css.escape": "^1.5.1",
        "dom-accessibility-api": "^0.5.6",
        "lodash": "^4.17.15",
        "redent": "^3.0.0"
      },
      "devDependencies": {
        "@jest/globals": "^29.6.2",
        "@rollup/plugin-commonjs": "^25.0.4",
        "expect": "^29.6.2",
        "jest-environment-jsdom-sixteen": "^1.0.3",
        "jest-watch-select-projects": "^2.0.0",
        "jsdom": "^16.2.1",
        "kcd-scripts": "^14.0.0",
        "pretty-format": "^25.1.0",
        "rollup": "^3.28.1",
        "rollup-plugin-delete": "^2.0.0",
        "typescript": "^5.1.6",
        "vitest": "^0.34.1"
      },
      "engines": {
        "node": ">=14",
        "npm": ">=6",
        "yarn": ">=1"
      },
      "peerDependencies": {
        "@jest/globals": ">= 28",
        "@types/jest": ">= 28",
        "jest": ">= 28",
        "vitest": ">= 0.32"
      },
      "peerDependenciesMeta": {
        "@jest/globals": {
          "optional": true
        },
        "@types/jest": {
          "optional": true
        },
        "jest": {
          "optional": true
        },
        "vitest": {
          "optional": true
        }
      }
    },
    "../../../node_modules/.pnpm/@testing-library+react@12.1.5_react-dom@17.0.2_react@17.0.2/node_modules/@testing-library/react": {
      "version": "12.1.5",
      "dev": true,
      "license": "MIT",
      "dependencies": {
        "@babel/runtime": "^7.12.5",
        "@testing-library/dom": "^8.0.0",
        "@types/react-dom": "<18.0.0"
      },
      "devDependencies": {
        "@testing-library/jest-dom": "^5.11.6",
        "dotenv-cli": "^4.0.0",
        "kcd-scripts": "^11.1.0",
        "npm-run-all": "^4.1.5",
        "react": "^17.0.1",
        "react-dom": "^17.0.1",
        "rimraf": "^3.0.2",
        "typescript": "^4.1.2"
      },
      "engines": {
        "node": ">=12"
      },
      "peerDependencies": {
        "react": "<18.0.0",
        "react-dom": "<18.0.0"
      }
    },
    "../../../node_modules/.pnpm/@types+react-dom@17.0.20/node_modules/@types/react-dom": {
      "version": "17.0.20",
      "dev": true,
      "license": "MIT",
      "dependencies": {
        "@types/react": "^17"
      }
    },
    "../../../node_modules/.pnpm/@types+react@17.0.60/node_modules/@types/react": {
      "version": "17.0.60",
      "dev": true,
      "license": "MIT",
      "dependencies": {
        "@types/prop-types": "*",
        "@types/scheduler": "*",
        "csstype": "^3.0.2"
      }
    },
    "../../../node_modules/.pnpm/moment@2.29.4/node_modules/moment": {
      "version": "2.29.4",
      "license": "MIT",
      "devDependencies": {
        "benchmark": "latest",
        "coveralls": "latest",
        "cross-env": "^6.0.3",
        "es6-promise": "latest",
        "eslint": "~6",
        "grunt": "latest",
        "grunt-benchmark": "latest",
        "grunt-cli": "latest",
        "grunt-contrib-clean": "latest",
        "grunt-contrib-concat": "latest",
        "grunt-contrib-copy": "latest",
        "grunt-contrib-uglify": "latest",
        "grunt-contrib-watch": "latest",
        "grunt-env": "latest",
        "grunt-exec": "latest",
        "grunt-karma": "latest",
        "grunt-nuget": "latest",
        "grunt-string-replace": "latest",
        "karma": "latest",
        "karma-chrome-launcher": "latest",
        "karma-firefox-launcher": "latest",
        "karma-qunit": "latest",
        "karma-sauce-launcher": "4.1.4",
        "load-grunt-tasks": "latest",
        "lodash": ">=4.17.19",
        "node-qunit": "latest",
        "nyc": "latest",
        "prettier": "latest",
        "qunit": "^2.10.0",
        "rollup": "2.17.1",
        "typescript": "^1.8.10",
        "typescript3": "npm:typescript@^3.1.6",
        "uglify-js": "latest"
      },
      "engines": {
        "node": "*"
      }
    },
    "../../../node_modules/.pnpm/prop-types@15.8.1/node_modules/prop-types": {
      "version": "15.8.1",
      "license": "MIT",
      "dependencies": {
        "loose-envify": "^1.4.0",
        "object-assign": "^4.1.1",
        "react-is": "^16.13.1"
      },
      "devDependencies": {
        "babel-jest": "^19.0.0",
        "babel-preset-react": "^6.24.1",
        "browserify": "^16.5.0",
        "bundle-collapser": "^1.4.0",
        "eslint": "^8.6.0",
        "in-publish": "^2.0.1",
        "jest": "^19.0.2",
        "react": "^15.7.0",
        "uglifyify": "^5.0.2",
        "uglifyjs": "^2.4.11"
      }
    },
    "../../../node_modules/.pnpm/react-dom@17.0.2_react@17.0.2/node_modules/react-dom": {
      "version": "17.0.2",
      "license": "MIT",
      "dependencies": {
        "loose-envify": "^1.1.0",
        "object-assign": "^4.1.1",
        "scheduler": "^0.20.2"
      },
      "peerDependencies": {
        "react": "17.0.2"
      }
    },
    "../../../node_modules/.pnpm/react-router-dom@6.11.2_react-dom@17.0.2_react@17.0.2/node_modules/react-router-dom": {
      "version": "6.11.2",
      "license": "MIT",
      "dependencies": {
        "@remix-run/router": "1.6.2",
        "react-router": "6.11.2"
      },
      "devDependencies": {
        "react": "^18.2.0",
        "react-dom": "^18.2.0"
      },
      "engines": {
        "node": ">=14"
      },
      "peerDependencies": {
        "react": ">=16.8",
        "react-dom": ">=16.8"
      }
    },
    "../../../node_modules/.pnpm/react@17.0.2/node_modules/react": {
      "version": "17.0.2",
      "license": "MIT",
      "dependencies": {
        "loose-envify": "^1.1.0",
        "object-assign": "^4.1.1"
      },
      "engines": {
        "node": ">=0.10.0"
      }
    },
    "../../../node_modules/.pnpm/reactflow@11.9.2_@types+react@17.0.60_react-dom@17.0.2_react@17.0.2/node_modules/reactflow": {
      "version": "11.9.2",
      "license": "MIT",
      "dependencies": {
        "@reactflow/background": "11.3.2",
        "@reactflow/controls": "11.2.2",
        "@reactflow/core": "11.9.2",
        "@reactflow/minimap": "11.7.2",
        "@reactflow/node-resizer": "2.2.2",
        "@reactflow/node-toolbar": "1.3.2"
      },
      "devDependencies": {
        "@reactflow/eslint-config": "0.0.0",
        "@reactflow/rollup-config": "0.0.0",
        "@reactflow/tsconfig": "0.0.0",
        "@types/node": "^18.7.16",
        "@types/react": ">=17",
        "react": "^18.2.0",
        "typescript": "^4.9.4"
      },
      "peerDependencies": {
        "react": ">=17",
        "react-dom": ">=17"
      }
    },
    "../../shared-types": {
      "version": "0.0.1"
    },
    "node_modules/@elastic/datemath": {
      "resolved": "../../../node_modules/.pnpm/@elastic+datemath@5.0.3_moment@2.29.4/node_modules/@elastic/datemath",
      "link": true
    },
    "node_modules/@elastic/eui": {
      "resolved": "../../../node_modules/.pnpm/@elastic+eui@81.2.0_@elastic+datemath@5.0.3_@emotion+css@11.11.0_@emotion+react@11.11.0_@type_22ou6sbnoajt4my5iofupzfqnu/node_modules/@elastic/eui",
      "link": true
    },
    "node_modules/@emotion/css": {
      "resolved": "../../../node_modules/.pnpm/@emotion+css@11.11.0/node_modules/@emotion/css",
      "link": true
    },
    "node_modules/@emotion/react": {
      "resolved": "../../../node_modules/.pnpm/@emotion+react@11.11.0_@types+react@17.0.60_react@17.0.2/node_modules/@emotion/react",
      "link": true
    },
    "node_modules/@sentry/react": {
      "resolved": "../../../node_modules/.pnpm/@sentry+react@7.57.0_react@17.0.2/node_modules/@sentry/react",
      "link": true
    },
    "node_modules/@testing-library/jest-dom": {
      "resolved": "../../../node_modules/.pnpm/@testing-library+jest-dom@6.1.3_@types+jest@29.5.2_jest@29.5.0/node_modules/@testing-library/jest-dom",
      "link": true
    },
    "node_modules/@testing-library/react": {
      "resolved": "../../../node_modules/.pnpm/@testing-library+react@12.1.5_react-dom@17.0.2_react@17.0.2/node_modules/@testing-library/react",
      "link": true
    },
    "node_modules/@types/react": {
      "resolved": "../../../node_modules/.pnpm/@types+react@17.0.60/node_modules/@types/react",
      "link": true
    },
    "node_modules/@types/react-dom": {
      "resolved": "../../../node_modules/.pnpm/@types+react-dom@17.0.20/node_modules/@types/react-dom",
      "link": true
    },
    "node_modules/classnames": {
      "version": "2.3.2",
      "resolved": "https://registry.npmjs.org/classnames/-/classnames-2.3.2.tgz",
      "integrity": "sha512-CSbhY4cFEJRe6/GQzIk5qXZ4Jeg5pcsP7b5peFSDpffpe1cqjASH/n9UTjBwOp6XpMSTwQ8Za2K5V02ueA7Tmw=="
    },
    "node_modules/d3-hierarchy": {
      "version": "3.1.2",
      "resolved": "https://registry.npmjs.org/d3-hierarchy/-/d3-hierarchy-3.1.2.tgz",
      "integrity": "sha512-FX/9frcub54beBdugHjDCdikxThEqjnR93Qt7PvQTOHxyiNCAlvMrHhclk3cD5VeAaq9fxmfRp+CnWw9rEMBuA==",
      "engines": {
        "node": ">=12"
      }
    },
    "node_modules/d3-timer": {
      "version": "3.0.1",
      "resolved": "https://registry.npmjs.org/d3-timer/-/d3-timer-3.0.1.tgz",
      "integrity": "sha512-ndfJ/JxxMd3nw31uyKoY2naivF+r29V+Lc0svZxe1JvvIRmi8hUsrMvdOwgS1o6uBHmiz91geQ0ylPP0aj1VUA==",
      "engines": {
        "node": ">=12"
      }
    },
    "node_modules/dagre": {
      "version": "0.8.5",
      "resolved": "https://registry.npmjs.org/dagre/-/dagre-0.8.5.tgz",
      "integrity": "sha512-/aTqmnRta7x7MCCpExk7HQL2O4owCT2h8NT//9I1OQ9vt29Pa0BzSAkR5lwFUcQ7491yVi/3CXU9jQ5o0Mn2Sw==",
      "dependencies": {
        "graphlib": "^2.1.8",
        "lodash": "^4.17.15"
      }
    },
    "node_modules/graphlib": {
      "version": "2.1.8",
      "resolved": "https://registry.npmjs.org/graphlib/-/graphlib-2.1.8.tgz",
      "integrity": "sha512-jcLLfkpoVGmH7/InMC/1hIvOPSUh38oJtGhvrOFGzioE1DZ+0YW16RgmOJhHiuWTvGiJQ9Z1Ik43JvkRPRvE+A==",
      "dependencies": {
        "lodash": "^4.17.15"
      }
    },
    "node_modules/lodash": {
      "version": "4.17.21",
      "license": "MIT"
    },
    "node_modules/moment": {
      "resolved": "../../../node_modules/.pnpm/moment@2.29.4/node_modules/moment",
      "link": true
    },
    "node_modules/prop-types": {
      "resolved": "../../../node_modules/.pnpm/prop-types@15.8.1/node_modules/prop-types",
      "link": true
    },
    "node_modules/react": {
      "resolved": "../../../node_modules/.pnpm/react@17.0.2/node_modules/react",
      "link": true
    },
    "node_modules/react-dom": {
      "resolved": "../../../node_modules/.pnpm/react-dom@17.0.2_react@17.0.2/node_modules/react-dom",
      "link": true
    },
    "node_modules/react-router-dom": {
      "resolved": "../../../node_modules/.pnpm/react-router-dom@6.11.2_react-dom@17.0.2_react@17.0.2/node_modules/react-router-dom",
      "link": true
    },
    "node_modules/reactflow": {
      "resolved": "../../../node_modules/.pnpm/reactflow@11.9.2_@types+react@17.0.60_react-dom@17.0.2_react@17.0.2/node_modules/reactflow",
      "link": true
    },
    "node_modules/shared-types": {
      "resolved": "../../shared-types",
      "link": true
    }
  }
}
